// !$*UTF8*$!
{
	archiveVersion = 1;
	classes = {
	};
	objectVersion = 46;
	objects = {

/* Begin PBXBuildFile section */
		27016B0319E4E33100743236 /* FDImageLoader.m in Sources */ = {isa = PBXBuildFile; fileRef = 27804732192C2E7E00F8A861 /* FDImageLoader.m */; };
		27016B0419E4E33100743236 /* UIImageView+FDImageLoaderAdditions.m in Sources */ = {isa = PBXBuildFile; fileRef = 27BC5677192FF0AA00F27330 /* UIImageView+FDImageLoaderAdditions.m */; };
		27016B0519E4E34400743236 /* FDImageLoader.h in Headers */ = {isa = PBXBuildFile; fileRef = 27804731192C2E7E00F8A861 /* FDImageLoader.h */; settings = {ATTRIBUTES = (Public, ); }; };
		27016B0619E4E34800743236 /* UIImageView+FDImageLoaderAdditions.h in Headers */ = {isa = PBXBuildFile; fileRef = 27BC5676192FF0AA00F27330 /* UIImageView+FDImageLoaderAdditions.h */; settings = {ATTRIBUTES = (Public, ); }; };
/* End PBXBuildFile section */

/* Begin PBXContainerItemProxy section */
		27016B0E19E4E3A600743236 /* PBXContainerItemProxy */ = {
			isa = PBXContainerItemProxy;
			containerPortal = 27016B0719E4E3A600743236 /* FDRequestClient.xcodeproj */;
			proxyType = 2;
			remoteGlobalIDString = 2762725819BFB36600625CA4;
			remoteInfo = "FDRequestClient iOS";
		};
		27016B1019E4E3A600743236 /* PBXContainerItemProxy */ = {
			isa = PBXContainerItemProxy;
			containerPortal = 27016B0719E4E3A600743236 /* FDRequestClient.xcodeproj */;
			proxyType = 2;
			remoteGlobalIDString = 27F79D8919B7881A00E118DB;
			remoteInfo = "FDRequestClient OS X";
		};
		27016B1219E4E3A600743236 /* PBXContainerItemProxy */ = {
			isa = PBXContainerItemProxy;
			containerPortal = 27016B0719E4E3A600743236 /* FDRequestClient.xcodeproj */;
			proxyType = 2;
			remoteGlobalIDString = 27AE0F3616AD966A001F5771;
			remoteInfo = "FDRequestClient iOS (Static)";
		};
		27016B1419E4E3C100743236 /* PBXContainerItemProxy */ = {
			isa = PBXContainerItemProxy;
			containerPortal = 27016B0719E4E3A600743236 /* FDRequestClient.xcodeproj */;
			proxyType = 1;
			remoteGlobalIDString = 2762725719BFB36600625CA4;
			remoteInfo = "FDRequestClient iOS";
		};
/* End PBXContainerItemProxy section */

/* Begin PBXFileReference section */
		27016AE619E4DFE400743236 /* FDImageLoader.framework */ = {isa = PBXFileReference; explicitFileType = wrapper.framework; includeInIndex = 0; path = FDImageLoader.framework; sourceTree = BUILT_PRODUCTS_DIR; };
		27016B0219E4E03D00743236 /* Info.plist */ = {isa = PBXFileReference; lastKnownFileType = text.plist.xml; path = Info.plist; sourceTree = "<group>"; };
		27016B0719E4E3A600743236 /* FDRequestClient.xcodeproj */ = {isa = PBXFileReference; lastKnownFileType = "wrapper.pb-project"; name = FDRequestClient.xcodeproj; path = "FDRequestClient/Framework Project/FDRequestClient.xcodeproj"; sourceTree = "<group>"; };
		27804731192C2E7E00F8A861 /* FDImageLoader.h */ = {isa = PBXFileReference; fileEncoding = 4; lastKnownFileType = sourcecode.c.h; path = FDImageLoader.h; sourceTree = "<group>"; };
		27804732192C2E7E00F8A861 /* FDImageLoader.m */ = {isa = PBXFileReference; fileEncoding = 4; lastKnownFileType = sourcecode.c.objc; path = FDImageLoader.m; sourceTree = "<group>"; };
		27BC5676192FF0AA00F27330 /* UIImageView+FDImageLoaderAdditions.h */ = {isa = PBXFileReference; fileEncoding = 4; lastKnownFileType = sourcecode.c.h; path = "UIImageView+FDImageLoaderAdditions.h"; sourceTree = "<group>"; };
		27BC5677192FF0AA00F27330 /* UIImageView+FDImageLoaderAdditions.m */ = {isa = PBXFileReference; fileEncoding = 4; lastKnownFileType = sourcecode.c.objc; path = "UIImageView+FDImageLoaderAdditions.m"; sourceTree = "<group>"; };
/* End PBXFileReference section */

/* Begin PBXFrameworksBuildPhase section */
		27016AE219E4DFE400743236 /* Frameworks */ = {
			isa = PBXFrameworksBuildPhase;
			buildActionMask = 2147483647;
			files = (
			);
			runOnlyForDeploymentPostprocessing = 0;
		};
/* End PBXFrameworksBuildPhase section */

/* Begin PBXGroup section */
		27016B0119E4E03D00743236 /* iOS Supporting Files */ = {
			isa = PBXGroup;
			children = (
				27016B0219E4E03D00743236 /* Info.plist */,
			);
			path = "iOS Supporting Files";
			sourceTree = SOURCE_ROOT;
		};
		27016B0819E4E3A600743236 /* Products */ = {
			isa = PBXGroup;
			children = (
				27016B0F19E4E3A600743236 /* FDRequestClient.framework */,
				27016B1119E4E3A600743236 /* FDRequestClient.framework */,
				27016B1319E4E3A600743236 /* libFDRequestClient.a */,
			);
			name = Products;
			sourceTree = "<group>";
		};
		275624AB192C2E0700D0331F = {
			isa = PBXGroup;
			children = (
				275624B9192C2E0700D0331F /* FDImageLoader Framework */,
				275624B5192C2E0700D0331F /* Products */,
			);
			sourceTree = "<group>";
		};
		275624B5192C2E0700D0331F /* Products */ = {
			isa = PBXGroup;
			children = (
				27016AE619E4DFE400743236 /* FDImageLoader.framework */,
			);
			name = Products;
			sourceTree = "<group>";
		};
		275624B9192C2E0700D0331F /* FDImageLoader Framework */ = {
			isa = PBXGroup;
			children = (
				27804730192C2E7200F8A861 /* FDImageLoader */,
				27016B0119E4E03D00743236 /* iOS Supporting Files */,
				2770A48D192C348700F85F97 /* Vendors */,
			);
			name = "FDImageLoader Framework";
			sourceTree = "<group>";
		};
		2770A48D192C348700F85F97 /* Vendors */ = {
			isa = PBXGroup;
			children = (
				27016B0719E4E3A600743236 /* FDRequestClient.xcodeproj */,
			);
			name = Vendors;
			path = ../Vendors;
			sourceTree = "<group>";
		};
		27804730192C2E7200F8A861 /* FDImageLoader */ = {
			isa = PBXGroup;
			children = (
				27804731192C2E7E00F8A861 /* FDImageLoader.h */,
				27804732192C2E7E00F8A861 /* FDImageLoader.m */,
				27BC5676192FF0AA00F27330 /* UIImageView+FDImageLoaderAdditions.h */,
				27BC5677192FF0AA00F27330 /* UIImageView+FDImageLoaderAdditions.m */,
			);
			name = FDImageLoader;
			path = ../FDImageLoader;
			sourceTree = "<group>";
		};
/* End PBXGroup section */

/* Begin PBXHeadersBuildPhase section */
		27016AE319E4DFE400743236 /* Headers */ = {
			isa = PBXHeadersBuildPhase;
			buildActionMask = 2147483647;
			files = (
				27016B0619E4E34800743236 /* UIImageView+FDImageLoaderAdditions.h in Headers */,
				27016B0519E4E34400743236 /* FDImageLoader.h in Headers */,
			);
			runOnlyForDeploymentPostprocessing = 0;
		};
/* End PBXHeadersBuildPhase section */

/* Begin PBXNativeTarget section */
		27016AE519E4DFE400743236 /* FDImageLoader iOS */ = {
			isa = PBXNativeTarget;
			buildConfigurationList = 27016AFA19E4DFE400743236 /* Build configuration list for PBXNativeTarget "FDImageLoader iOS" */;
			buildPhases = (
				27016AE119E4DFE400743236 /* Sources */,
				27016AE219E4DFE400743236 /* Frameworks */,
				27016AE319E4DFE400743236 /* Headers */,
				27016AE419E4DFE400743236 /* Resources */,
			);
			buildRules = (
			);
			dependencies = (
				27016B1519E4E3C100743236 /* PBXTargetDependency */,
			);
			name = "FDImageLoader iOS";
			productName = "FDImageLoader iOS";
			productReference = 27016AE619E4DFE400743236 /* FDImageLoader.framework */;
			productType = "com.apple.product-type.framework";
		};
/* End PBXNativeTarget section */

/* Begin PBXProject section */
		275624AC192C2E0700D0331F /* Project object */ = {
			isa = PBXProject;
			attributes = {
				LastUpgradeCheck = 0610;
				ORGANIZATIONNAME = "1414 Degrees";
				TargetAttributes = {
					27016AE519E4DFE400743236 = {
						CreatedOnToolsVersion = 6.0.1;
					};
				};
			};
			buildConfigurationList = 275624AF192C2E0700D0331F /* Build configuration list for PBXProject "FDImageLoader" */;
			compatibilityVersion = "Xcode 3.2";
			developmentRegion = English;
			hasScannedForEncodings = 0;
			knownRegions = (
				en,
			);
			mainGroup = 275624AB192C2E0700D0331F;
			productRefGroup = 275624B5192C2E0700D0331F /* Products */;
			projectDirPath = "";
			projectReferences = (
				{
					ProductGroup = 27016B0819E4E3A600743236 /* Products */;
					ProjectRef = 27016B0719E4E3A600743236 /* FDRequestClient.xcodeproj */;
				},
			);
			projectRoot = "";
			targets = (
				27016AE519E4DFE400743236 /* FDImageLoader iOS */,
			);
		};
/* End PBXProject section */

/* Begin PBXReferenceProxy section */
		27016B0F19E4E3A600743236 /* FDRequestClient.framework */ = {
			isa = PBXReferenceProxy;
			fileType = wrapper.framework;
			path = FDRequestClient.framework;
			remoteRef = 27016B0E19E4E3A600743236 /* PBXContainerItemProxy */;
			sourceTree = BUILT_PRODUCTS_DIR;
		};
		27016B1119E4E3A600743236 /* FDRequestClient.framework */ = {
			isa = PBXReferenceProxy;
			fileType = wrapper.framework;
			path = FDRequestClient.framework;
			remoteRef = 27016B1019E4E3A600743236 /* PBXContainerItemProxy */;
			sourceTree = BUILT_PRODUCTS_DIR;
		};
		27016B1319E4E3A600743236 /* libFDRequestClient.a */ = {
			isa = PBXReferenceProxy;
			fileType = archive.ar;
			path = libFDRequestClient.a;
			remoteRef = 27016B1219E4E3A600743236 /* PBXContainerItemProxy */;
			sourceTree = BUILT_PRODUCTS_DIR;
		};
/* End PBXReferenceProxy section */

/* Begin PBXResourcesBuildPhase section */
		27016AE419E4DFE400743236 /* Resources */ = {
			isa = PBXResourcesBuildPhase;
			buildActionMask = 2147483647;
			files = (
			);
			runOnlyForDeploymentPostprocessing = 0;
		};
/* End PBXResourcesBuildPhase section */

/* Begin PBXSourcesBuildPhase section */
		27016AE119E4DFE400743236 /* Sources */ = {
			isa = PBXSourcesBuildPhase;
			buildActionMask = 2147483647;
			files = (
				27016B0319E4E33100743236 /* FDImageLoader.m in Sources */,
				27016B0419E4E33100743236 /* UIImageView+FDImageLoaderAdditions.m in Sources */,
			);
			runOnlyForDeploymentPostprocessing = 0;
		};
/* End PBXSourcesBuildPhase section */

/* Begin PBXTargetDependency section */
		27016B1519E4E3C100743236 /* PBXTargetDependency */ = {
			isa = PBXTargetDependency;
			name = "FDRequestClient iOS";
			targetProxy = 27016B1419E4E3C100743236 /* PBXContainerItemProxy */;
		};
/* End PBXTargetDependency section */

/* Begin XCBuildConfiguration section */
		27016AF619E4DFE400743236 /* Debug */ = {
			isa = XCBuildConfiguration;
			buildSettings = {
				"CODE_SIGN_IDENTITY[sdk=iphoneos*]" = "iPhone Developer";
				CURRENT_PROJECT_VERSION = 1;
				DEFINES_MODULE = YES;
				DYLIB_COMPATIBILITY_VERSION = 1;
				DYLIB_CURRENT_VERSION = 1;
				DYLIB_INSTALL_NAME_BASE = "@rpath";
				ENABLE_STRICT_OBJC_MSGSEND = YES;
				INFOPLIST_FILE = "iOS Supporting Files/Info.plist";
				INSTALL_PATH = "$(LOCAL_LIBRARY_DIR)/Frameworks";
				IPHONEOS_DEPLOYMENT_TARGET = 8.0;
				LD_RUNPATH_SEARCH_PATHS = "$(inherited) @executable_path/Frameworks @loader_path/Frameworks";
				SKIP_INSTALL = YES;
				TARGETED_DEVICE_FAMILY = "1,2";
				VERSIONING_SYSTEM = "apple-generic";
				VERSION_INFO_PREFIX = "";
			};
			name = Debug;
		};
		27016AF719E4DFE400743236 /* Release */ = {
			isa = XCBuildConfiguration;
			buildSettings = {
				"CODE_SIGN_IDENTITY[sdk=iphoneos*]" = "iPhone Distribution";
				CURRENT_PROJECT_VERSION = 1;
				DEFINES_MODULE = YES;
				DYLIB_COMPATIBILITY_VERSION = 1;
				DYLIB_CURRENT_VERSION = 1;
				DYLIB_INSTALL_NAME_BASE = "@rpath";
				ENABLE_STRICT_OBJC_MSGSEND = YES;
				INFOPLIST_FILE = "iOS Supporting Files/Info.plist";
				INSTALL_PATH = "$(LOCAL_LIBRARY_DIR)/Frameworks";
				IPHONEOS_DEPLOYMENT_TARGET = 8.0;
				LD_RUNPATH_SEARCH_PATHS = "$(inherited) @executable_path/Frameworks @loader_path/Frameworks";
				SKIP_INSTALL = YES;
				TARGETED_DEVICE_FAMILY = "1,2";
				VERSIONING_SYSTEM = "apple-generic";
				VERSION_INFO_PREFIX = "";
			};
			name = Release;
		};
		275624D5192C2E0700D0331F /* Debug */ = {
			isa = XCBuildConfiguration;
			buildSettings = {
				ALWAYS_SEARCH_USER_PATHS = NO;
				CLANG_ENABLE_MODULES = YES;
				CLANG_ENABLE_OBJC_ARC = YES;
				CLANG_WARN_BOOL_CONVERSION = YES;
				CLANG_WARN_CONSTANT_CONVERSION = YES;
				CLANG_WARN_DIRECT_OBJC_ISA_USAGE = YES_ERROR;
				CLANG_WARN_EMPTY_BODY = YES;
				CLANG_WARN_ENUM_CONVERSION = YES;
				CLANG_WARN_INT_CONVERSION = YES;
				CLANG_WARN_OBJC_ROOT_CLASS = YES_ERROR;
				CLANG_WARN_UNREACHABLE_CODE = YES;
				CLANG_WARN__DUPLICATE_METHOD_MATCH = YES;
				COPY_PHASE_STRIP = NO;
				GCC_C_LANGUAGE_STANDARD = gnu99;
				GCC_DYNAMIC_NO_PIC = NO;
				GCC_OPTIMIZATION_LEVEL = 0;
				GCC_PREPROCESSOR_DEFINITIONS = DEBUG;
				GCC_SYMBOLS_PRIVATE_EXTERN = NO;
				GCC_WARN_64_TO_32_BIT_CONVERSION = YES;
				GCC_WARN_ABOUT_RETURN_TYPE = YES_ERROR;
				GCC_WARN_UNDECLARED_SELECTOR = YES;
				GCC_WARN_UNINITIALIZED_AUTOS = YES_AGGRESSIVE;
				GCC_WARN_UNUSED_FUNCTION = YES;
				GCC_WARN_UNUSED_VARIABLE = YES;
				IPHONEOS_DEPLOYMENT_TARGET = 8.0;
				ONLY_ACTIVE_ARCH = YES;
				PRODUCT_NAME = FDImageLoader;
				SDKROOT = iphoneos;
				TARGETED_DEVICE_FAMILY = "1,2";
			};
			name = Debug;
		};
		275624D6192C2E0700D0331F /* Release */ = {
			isa = XCBuildConfiguration;
			buildSettings = {
				ALWAYS_SEARCH_USER_PATHS = NO;
				CLANG_ENABLE_MODULES = YES;
				CLANG_ENABLE_OBJC_ARC = YES;
				CLANG_WARN_BOOL_CONVERSION = YES;
				CLANG_WARN_CONSTANT_CONVERSION = YES;
				CLANG_WARN_DIRECT_OBJC_ISA_USAGE = YES_ERROR;
				CLANG_WARN_EMPTY_BODY = YES;
				CLANG_WARN_ENUM_CONVERSION = YES;
				CLANG_WARN_INT_CONVERSION = YES;
				CLANG_WARN_OBJC_ROOT_CLASS = YES_ERROR;
				CLANG_WARN_UNREACHABLE_CODE = YES;
				CLANG_WARN__DUPLICATE_METHOD_MATCH = YES;
				COPY_PHASE_STRIP = YES;
				ENABLE_NS_ASSERTIONS = NO;
				GCC_C_LANGUAGE_STANDARD = gnu99;
				GCC_WARN_64_TO_32_BIT_CONVERSION = YES;
				GCC_WARN_ABOUT_RETURN_TYPE = YES_ERROR;
				GCC_WARN_UNDECLARED_SELECTOR = YES;
				GCC_WARN_UNINITIALIZED_AUTOS = YES_AGGRESSIVE;
				GCC_WARN_UNUSED_FUNCTION = YES;
				GCC_WARN_UNUSED_VARIABLE = YES;
				IPHONEOS_DEPLOYMENT_TARGET = 8.0;
				PRODUCT_NAME = FDImageLoader;
				SDKROOT = iphoneos;
				TARGETED_DEVICE_FAMILY = "1,2";
				VALIDATE_PRODUCT = YES;
			};
			name = Release;
		};
/* End XCBuildConfiguration section */

/* Begin XCConfigurationList section */
		27016AFA19E4DFE400743236 /* Build configuration list for PBXNativeTarget "FDImageLoader iOS" */ = {
			isa = XCConfigurationList;
			buildConfigurations = (
				27016AF619E4DFE400743236 /* Debug */,
				27016AF719E4DFE400743236 /* Release */,
			);
			defaultConfigurationIsVisible = 0;
			defaultConfigurationName = Release;
		};
		275624AF192C2E0700D0331F /* Build configuration list for PBXProject "FDImageLoader" */ = {
			isa = XCConfigurationList;
			buildConfigurations = (
				275624D5192C2E0700D0331F /* Debug */,
				275624D6192C2E0700D0331F /* Release */,
			);
			defaultConfigurationIsVisible = 0;
			defaultConfigurationName = Release;
		};
/* End XCConfigurationList section */
	};
	rootObject = 275624AC192C2E0700D0331F /* Project object */;
}
